// !$*UTF8*$!
{
	archiveVersion = 1;
	classes = {
	};
	objectVersion = 46;
	objects = {

/* Begin PBXBuildFile section */
		7718C9F41C68DEA000CE5F89 /* GeneralExtensions.swift in Sources */ = {isa = PBXBuildFile; fileRef = 7718C9F31C68DEA000CE5F89 /* GeneralExtensions.swift */; };
		772985F41C67866800E83582 /* Cartfile in Resources */ = {isa = PBXBuildFile; fileRef = 772985F31C67866800E83582 /* Cartfile */; };
		777A7B7E1C6A2AAF006AFE5E /* Schedule.swift in Sources */ = {isa = PBXBuildFile; fileRef = 777A7B7D1C6A2AAF006AFE5E /* Schedule.swift */; };
		777A7B811C6A344D006AFE5E /* RoundRobinPair.swift in Sources */ = {isa = PBXBuildFile; fileRef = 777A7B801C6A344D006AFE5E /* RoundRobinPair.swift */; };
		777A7B831C6A3A4B006AFE5E /* GroupEntity+SchedulerDelegate.swift in Sources */ = {isa = PBXBuildFile; fileRef = 777A7B821C6A3A4B006AFE5E /* GroupEntity+SchedulerDelegate.swift */; };
		779148C71C6A84AA0057CC74 /* SingleElimination.swift in Sources */ = {isa = PBXBuildFile; fileRef = 779148C61C6A84AA0057CC74 /* SingleElimination.swift */; };
		779ADA331C6B7D2800BABA27 /* AppEntity+CoreDataProperties.swift in Sources */ = {isa = PBXBuildFile; fileRef = 779ADA301C6B7D2800BABA27 /* AppEntity+CoreDataProperties.swift */; };
		779ADA341C6B7D2800BABA27 /* AppEntity.swift in Sources */ = {isa = PBXBuildFile; fileRef = 779ADA311C6B7D2800BABA27 /* AppEntity.swift */; };
		77B11F191C6788720013D281 /* MagicalRecord.framework in Frameworks */ = {isa = PBXBuildFile; fileRef = 77B11F181C6788720013D281 /* MagicalRecord.framework */; };
		77C0C2161C6B6C1700EDA00E /* DataManager.swift in Sources */ = {isa = PBXBuildFile; fileRef = 77C0C2151C6B6C1700EDA00E /* DataManager.swift */; };
		77E1F55E1C67859200F3C812 /* AppDelegate.swift in Sources */ = {isa = PBXBuildFile; fileRef = 77E1F55D1C67859200F3C812 /* AppDelegate.swift */; };
		77E1F5601C67859200F3C812 /* ViewController.swift in Sources */ = {isa = PBXBuildFile; fileRef = 77E1F55F1C67859200F3C812 /* ViewController.swift */; };
		77E1F5631C67859200F3C812 /* Main.storyboard in Resources */ = {isa = PBXBuildFile; fileRef = 77E1F5611C67859200F3C812 /* Main.storyboard */; };
		77E1F5651C67859200F3C812 /* Assets.xcassets in Resources */ = {isa = PBXBuildFile; fileRef = 77E1F5641C67859200F3C812 /* Assets.xcassets */; };
		77E1F5681C67859200F3C812 /* LaunchScreen.storyboard in Resources */ = {isa = PBXBuildFile; fileRef = 77E1F5661C67859200F3C812 /* LaunchScreen.storyboard */; };
		77E2A5A21C6A675100B86544 /* RoundRobin.swift in Sources */ = {isa = PBXBuildFile; fileRef = 77E2A5A11C6A675100B86544 /* RoundRobin.swift */; };
		77EDB8801C6805E800334D7E /* TeamEntity+CoreDataProperties.swift in Sources */ = {isa = PBXBuildFile; fileRef = 77EDB8791C6805E800334D7E /* TeamEntity+CoreDataProperties.swift */; };
		77EDB8811C6805E800334D7E /* TeamEntity.swift in Sources */ = {isa = PBXBuildFile; fileRef = 77EDB87A1C6805E800334D7E /* TeamEntity.swift */; };
		77EDB8831C6805E800334D7E /* GameEntity+CoreDataProperties.swift in Sources */ = {isa = PBXBuildFile; fileRef = 77EDB87C1C6805E800334D7E /* GameEntity+CoreDataProperties.swift */; };
		77EDB8841C6805E800334D7E /* GameEntity.swift in Sources */ = {isa = PBXBuildFile; fileRef = 77EDB87D1C6805E800334D7E /* GameEntity.swift */; };
		77EDB8851C6805E800334D7E /* GroupEntity+CoreDataProperties.swift in Sources */ = {isa = PBXBuildFile; fileRef = 77EDB87E1C6805E800334D7E /* GroupEntity+CoreDataProperties.swift */; };
		77EDB8861C6805E800334D7E /* GroupEntity.swift in Sources */ = {isa = PBXBuildFile; fileRef = 77EDB87F1C6805E800334D7E /* GroupEntity.swift */; };
		77F0877E1C69FABA0018561B /* Incident.swift in Sources */ = {isa = PBXBuildFile; fileRef = 77F0877D1C69FABA0018561B /* Incident.swift */; };
		77F422E81C679FF300F86A87 /* TournamentBrackets.xcdatamodeld in Sources */ = {isa = PBXBuildFile; fileRef = 77F422E61C679FF300F86A87 /* TournamentBrackets.xcdatamodeld */; };
		77F422EB1C67A25300F86A87 /* TournamentEntity+CoreDataProperties.swift in Sources */ = {isa = PBXBuildFile; fileRef = 77F422E91C67A25300F86A87 /* TournamentEntity+CoreDataProperties.swift */; };
		77F422EC1C67A25300F86A87 /* TournamentEntity.swift in Sources */ = {isa = PBXBuildFile; fileRef = 77F422EA1C67A25300F86A87 /* TournamentEntity.swift */; };
		77F48A641C6CDB88002F501A /* TournamentBracketsTests.swift in Sources */ = {isa = PBXBuildFile; fileRef = 77F48A631C6CDB88002F501A /* TournamentBracketsTests.swift */; };
		77F48A6B1C6CE25B002F501A /* TournamentEntity.swift in Sources */ = {isa = PBXBuildFile; fileRef = 77F422EA1C67A25300F86A87 /* TournamentEntity.swift */; };
		77F48A6C1C6CE2DE002F501A /* DataManager.swift in Sources */ = {isa = PBXBuildFile; fileRef = 77C0C2151C6B6C1700EDA00E /* DataManager.swift */; };
		77F48A6D1C6CE33B002F501A /* TournamentEntity+CoreDataProperties.swift in Sources */ = {isa = PBXBuildFile; fileRef = 77F422E91C67A25300F86A87 /* TournamentEntity+CoreDataProperties.swift */; };
		77F48A6E1C6CE34B002F501A /* Schedule.swift in Sources */ = {isa = PBXBuildFile; fileRef = 777A7B7D1C6A2AAF006AFE5E /* Schedule.swift */; };
		77F48A6F1C6CE359002F501A /* GeneralExtensions.swift in Sources */ = {isa = PBXBuildFile; fileRef = 7718C9F31C68DEA000CE5F89 /* GeneralExtensions.swift */; };
		77F48A701C6CE455002F501A /* AppEntity.swift in Sources */ = {isa = PBXBuildFile; fileRef = 779ADA311C6B7D2800BABA27 /* AppEntity.swift */; };
		77F48A711C6CE459002F501A /* AppEntity+CoreDataProperties.swift in Sources */ = {isa = PBXBuildFile; fileRef = 779ADA301C6B7D2800BABA27 /* AppEntity+CoreDataProperties.swift */; };
		77F48A721C6CE45E002F501A /* GroupEntity.swift in Sources */ = {isa = PBXBuildFile; fileRef = 77EDB87F1C6805E800334D7E /* GroupEntity.swift */; };
		77F48A731C6CE461002F501A /* GroupEntity+CoreDataProperties.swift in Sources */ = {isa = PBXBuildFile; fileRef = 77EDB87E1C6805E800334D7E /* GroupEntity+CoreDataProperties.swift */; };
		77F48A741C6CE464002F501A /* GroupEntity+SchedulerDelegate.swift in Sources */ = {isa = PBXBuildFile; fileRef = 777A7B821C6A3A4B006AFE5E /* GroupEntity+SchedulerDelegate.swift */; };
		77F48A751C6CE467002F501A /* TeamEntity.swift in Sources */ = {isa = PBXBuildFile; fileRef = 77EDB87A1C6805E800334D7E /* TeamEntity.swift */; };
		77F48A761C6CE46A002F501A /* TeamEntity+CoreDataProperties.swift in Sources */ = {isa = PBXBuildFile; fileRef = 77EDB8791C6805E800334D7E /* TeamEntity+CoreDataProperties.swift */; };
		77F48A771C6CE46D002F501A /* GameEntity.swift in Sources */ = {isa = PBXBuildFile; fileRef = 77EDB87D1C6805E800334D7E /* GameEntity.swift */; };
		77F48A781C6CE470002F501A /* GameEntity+CoreDataProperties.swift in Sources */ = {isa = PBXBuildFile; fileRef = 77EDB87C1C6805E800334D7E /* GameEntity+CoreDataProperties.swift */; };
		77F48A791C6CE47E002F501A /* Incident.swift in Sources */ = {isa = PBXBuildFile; fileRef = 77F0877D1C69FABA0018561B /* Incident.swift */; };
		77F48A7A1C6CE493002F501A /* RoundRobinPair.swift in Sources */ = {isa = PBXBuildFile; fileRef = 777A7B801C6A344D006AFE5E /* RoundRobinPair.swift */; };
		77F48A7B1C6CE495002F501A /* RoundRobin.swift in Sources */ = {isa = PBXBuildFile; fileRef = 77E2A5A11C6A675100B86544 /* RoundRobin.swift */; };
		77F48A7C1C6CE498002F501A /* SingleElimination.swift in Sources */ = {isa = PBXBuildFile; fileRef = 779148C61C6A84AA0057CC74 /* SingleElimination.swift */; };
		77F48A7D1C6CEFF1002F501A /* MagicalRecord.framework in Frameworks */ = {isa = PBXBuildFile; fileRef = 77B11F181C6788720013D281 /* MagicalRecord.framework */; };
		77F48A811C6D0023002F501A /* MagicalRecord.framework in CopyFiles */ = {isa = PBXBuildFile; fileRef = 77B11F181C6788720013D281 /* MagicalRecord.framework */; settings = {ATTRIBUTES = (CodeSignOnCopy, RemoveHeadersOnCopy, ); }; };
/* End PBXBuildFile section */

/* Begin PBXContainerItemProxy section */
		77F48A661C6CDB88002F501A /* PBXContainerItemProxy */ = {
			isa = PBXContainerItemProxy;
			containerPortal = 77E1F5521C67859200F3C812 /* Project object */;
			proxyType = 1;
			remoteGlobalIDString = 77E1F5591C67859200F3C812;
			remoteInfo = TournamentBrackets;
		};
/* End PBXContainerItemProxy section */

/* Begin PBXCopyFilesBuildPhase section */
		77F48A801C6CFFFF002F501A /* CopyFiles */ = {
			isa = PBXCopyFilesBuildPhase;
			buildActionMask = 2147483647;
			dstPath = "";
			dstSubfolderSpec = 10;
			files = (
				77F48A811C6D0023002F501A /* MagicalRecord.framework in CopyFiles */,
			);
			runOnlyForDeploymentPostprocessing = 0;
		};
/* End PBXCopyFilesBuildPhase section */

/* Begin PBXFileReference section */
		7718C9F31C68DEA000CE5F89 /* GeneralExtensions.swift */ = {isa = PBXFileReference; fileEncoding = 4; lastKnownFileType = sourcecode.swift; path = GeneralExtensions.swift; sourceTree = "<group>"; };
		772985F31C67866800E83582 /* Cartfile */ = {isa = PBXFileReference; fileEncoding = 4; lastKnownFileType = text; path = Cartfile; sourceTree = "<group>"; };
		777A7B7D1C6A2AAF006AFE5E /* Schedule.swift */ = {isa = PBXFileReference; fileEncoding = 4; lastKnownFileType = sourcecode.swift; path = Schedule.swift; sourceTree = "<group>"; };
		777A7B801C6A344D006AFE5E /* RoundRobinPair.swift */ = {isa = PBXFileReference; fileEncoding = 4; lastKnownFileType = sourcecode.swift; path = RoundRobinPair.swift; sourceTree = "<group>"; };
		777A7B821C6A3A4B006AFE5E /* GroupEntity+SchedulerDelegate.swift */ = {isa = PBXFileReference; fileEncoding = 4; lastKnownFileType = sourcecode.swift; path = "GroupEntity+SchedulerDelegate.swift"; sourceTree = "<group>"; };
		779148C61C6A84AA0057CC74 /* SingleElimination.swift */ = {isa = PBXFileReference; fileEncoding = 4; lastKnownFileType = sourcecode.swift; path = SingleElimination.swift; sourceTree = "<group>"; };
		779ADA301C6B7D2800BABA27 /* AppEntity+CoreDataProperties.swift */ = {isa = PBXFileReference; fileEncoding = 4; lastKnownFileType = sourcecode.swift; path = "AppEntity+CoreDataProperties.swift"; sourceTree = "<group>"; };
		779ADA311C6B7D2800BABA27 /* AppEntity.swift */ = {isa = PBXFileReference; fileEncoding = 4; lastKnownFileType = sourcecode.swift; path = AppEntity.swift; sourceTree = "<group>"; };
		77B11F181C6788720013D281 /* MagicalRecord.framework */ = {isa = PBXFileReference; lastKnownFileType = wrapper.framework; name = MagicalRecord.framework; path = Carthage/Build/iOS/MagicalRecord.framework; sourceTree = "<group>"; };
		77C0C2151C6B6C1700EDA00E /* DataManager.swift */ = {isa = PBXFileReference; fileEncoding = 4; lastKnownFileType = sourcecode.swift; path = DataManager.swift; sourceTree = "<group>"; };
		77E1F55A1C67859200F3C812 /* TournamentBrackets.app */ = {isa = PBXFileReference; explicitFileType = wrapper.application; includeInIndex = 0; path = TournamentBrackets.app; sourceTree = BUILT_PRODUCTS_DIR; };
		77E1F55D1C67859200F3C812 /* AppDelegate.swift */ = {isa = PBXFileReference; lastKnownFileType = sourcecode.swift; path = AppDelegate.swift; sourceTree = "<group>"; };
		77E1F55F1C67859200F3C812 /* ViewController.swift */ = {isa = PBXFileReference; lastKnownFileType = sourcecode.swift; path = ViewController.swift; sourceTree = "<group>"; };
		77E1F5621C67859200F3C812 /* Base */ = {isa = PBXFileReference; lastKnownFileType = file.storyboard; name = Base; path = Base.lproj/Main.storyboard; sourceTree = "<group>"; };
		77E1F5641C67859200F3C812 /* Assets.xcassets */ = {isa = PBXFileReference; lastKnownFileType = folder.assetcatalog; path = Assets.xcassets; sourceTree = "<group>"; };
		77E1F5671C67859200F3C812 /* Base */ = {isa = PBXFileReference; lastKnownFileType = file.storyboard; name = Base; path = Base.lproj/LaunchScreen.storyboard; sourceTree = "<group>"; };
		77E1F5691C67859200F3C812 /* Info.plist */ = {isa = PBXFileReference; lastKnownFileType = text.plist.xml; path = Info.plist; sourceTree = "<group>"; };
		77E2A5A11C6A675100B86544 /* RoundRobin.swift */ = {isa = PBXFileReference; fileEncoding = 4; lastKnownFileType = sourcecode.swift; path = RoundRobin.swift; sourceTree = "<group>"; };
		77EDB8791C6805E800334D7E /* TeamEntity+CoreDataProperties.swift */ = {isa = PBXFileReference; fileEncoding = 4; lastKnownFileType = sourcecode.swift; path = "TeamEntity+CoreDataProperties.swift"; sourceTree = "<group>"; };
		77EDB87A1C6805E800334D7E /* TeamEntity.swift */ = {isa = PBXFileReference; fileEncoding = 4; lastKnownFileType = sourcecode.swift; path = TeamEntity.swift; sourceTree = "<group>"; };
		77EDB87C1C6805E800334D7E /* GameEntity+CoreDataProperties.swift */ = {isa = PBXFileReference; fileEncoding = 4; lastKnownFileType = sourcecode.swift; path = "GameEntity+CoreDataProperties.swift"; sourceTree = "<group>"; };
		77EDB87D1C6805E800334D7E /* GameEntity.swift */ = {isa = PBXFileReference; fileEncoding = 4; lastKnownFileType = sourcecode.swift; path = GameEntity.swift; sourceTree = "<group>"; };
		77EDB87E1C6805E800334D7E /* GroupEntity+CoreDataProperties.swift */ = {isa = PBXFileReference; fileEncoding = 4; lastKnownFileType = sourcecode.swift; path = "GroupEntity+CoreDataProperties.swift"; sourceTree = "<group>"; };
		77EDB87F1C6805E800334D7E /* GroupEntity.swift */ = {isa = PBXFileReference; fileEncoding = 4; lastKnownFileType = sourcecode.swift; path = GroupEntity.swift; sourceTree = "<group>"; };
		77F0877D1C69FABA0018561B /* Incident.swift */ = {isa = PBXFileReference; fileEncoding = 4; lastKnownFileType = sourcecode.swift; path = Incident.swift; sourceTree = "<group>"; };
		77F422E71C679FF300F86A87 /* TournamentBrackets.xcdatamodel */ = {isa = PBXFileReference; lastKnownFileType = wrapper.xcdatamodel; path = TournamentBrackets.xcdatamodel; sourceTree = "<group>"; };
		77F422E91C67A25300F86A87 /* TournamentEntity+CoreDataProperties.swift */ = {isa = PBXFileReference; fileEncoding = 4; lastKnownFileType = sourcecode.swift; path = "TournamentEntity+CoreDataProperties.swift"; sourceTree = "<group>"; };
		77F422EA1C67A25300F86A87 /* TournamentEntity.swift */ = {isa = PBXFileReference; fileEncoding = 4; lastKnownFileType = sourcecode.swift; path = TournamentEntity.swift; sourceTree = "<group>"; };
		77F422EE1C67A7FA00F86A87 /* TournamentBrackets-Bridging-Header.h */ = {isa = PBXFileReference; lastKnownFileType = sourcecode.c.h; path = "TournamentBrackets-Bridging-Header.h"; sourceTree = "<group>"; };
		77F48A611C6CDB88002F501A /* TournamentBracketsTests.xctest */ = {isa = PBXFileReference; explicitFileType = wrapper.cfbundle; includeInIndex = 0; path = TournamentBracketsTests.xctest; sourceTree = BUILT_PRODUCTS_DIR; };
		77F48A631C6CDB88002F501A /* TournamentBracketsTests.swift */ = {isa = PBXFileReference; lastKnownFileType = sourcecode.swift; path = TournamentBracketsTests.swift; sourceTree = "<group>"; };
		77F48A651C6CDB88002F501A /* Info.plist */ = {isa = PBXFileReference; lastKnownFileType = text.plist.xml; path = Info.plist; sourceTree = "<group>"; };
/* End PBXFileReference section */

/* Begin PBXFrameworksBuildPhase section */
		77E1F5571C67859200F3C812 /* Frameworks */ = {
			isa = PBXFrameworksBuildPhase;
			buildActionMask = 2147483647;
			files = (
				77B11F191C6788720013D281 /* MagicalRecord.framework in Frameworks */,
			);
			runOnlyForDeploymentPostprocessing = 0;
		};
		77F48A5E1C6CDB88002F501A /* Frameworks */ = {
			isa = PBXFrameworksBuildPhase;
			buildActionMask = 2147483647;
			files = (
				77F48A7D1C6CEFF1002F501A /* MagicalRecord.framework in Frameworks */,
			);
			runOnlyForDeploymentPostprocessing = 0;
		};
/* End PBXFrameworksBuildPhase section */

/* Begin PBXGroup section */
		777A7B7F1C6A3427006AFE5E /* Schedulers */ = {
			isa = PBXGroup;
			children = (
				777A7B801C6A344D006AFE5E /* RoundRobinPair.swift */,
				77E2A5A11C6A675100B86544 /* RoundRobin.swift */,
				779148C61C6A84AA0057CC74 /* SingleElimination.swift */,
			);
			path = Schedulers;
			sourceTree = "<group>";
		};
		77ABFCF11C67C267000D3B8F /* Common */ = {
			isa = PBXGroup;
			children = (
				7718C9F31C68DEA000CE5F89 /* GeneralExtensions.swift */,
				77C0C2151C6B6C1700EDA00E /* DataManager.swift */,
			);
			path = Common;
			sourceTree = "<group>";
		};
		77B11F1B1C678CE70013D281 /* Frameworks */ = {
			isa = PBXGroup;
			children = (
				772985F31C67866800E83582 /* Cartfile */,
				77B11F181C6788720013D281 /* MagicalRecord.framework */,
				77F422EE1C67A7FA00F86A87 /* TournamentBrackets-Bridging-Header.h */,
			);
			name = Frameworks;
			sourceTree = "<group>";
		};
		77E1F5511C67859200F3C812 = {
			isa = PBXGroup;
			children = (
				77ABFCF11C67C267000D3B8F /* Common */,
				77F422ED1C67A2E500F86A87 /* Model */,
				77B11F1B1C678CE70013D281 /* Frameworks */,
				77E1F55C1C67859200F3C812 /* TournamentBrackets */,
				77F48A621C6CDB88002F501A /* TournamentBracketsTests */,
				77E1F55B1C67859200F3C812 /* Products */,
			);
			sourceTree = "<group>";
		};
		77E1F55B1C67859200F3C812 /* Products */ = {
			isa = PBXGroup;
			children = (
				77E1F55A1C67859200F3C812 /* TournamentBrackets.app */,
				77F48A611C6CDB88002F501A /* TournamentBracketsTests.xctest */,
			);
			name = Products;
			sourceTree = "<group>";
		};
		77E1F55C1C67859200F3C812 /* TournamentBrackets */ = {
			isa = PBXGroup;
			children = (
				777A7B7F1C6A3427006AFE5E /* Schedulers */,
				77E1F55D1C67859200F3C812 /* AppDelegate.swift */,
				77E1F55F1C67859200F3C812 /* ViewController.swift */,
				77E1F5611C67859200F3C812 /* Main.storyboard */,
				77E1F5641C67859200F3C812 /* Assets.xcassets */,
				77E1F5661C67859200F3C812 /* LaunchScreen.storyboard */,
				77E1F5691C67859200F3C812 /* Info.plist */,
				77F422E61C679FF300F86A87 /* TournamentBrackets.xcdatamodeld */,
			);
			path = TournamentBrackets;
			sourceTree = "<group>";
		};
		77F422ED1C67A2E500F86A87 /* Model */ = {
			isa = PBXGroup;
			children = (
				779ADA311C6B7D2800BABA27 /* AppEntity.swift */,
				779ADA301C6B7D2800BABA27 /* AppEntity+CoreDataProperties.swift */,
				77F422EA1C67A25300F86A87 /* TournamentEntity.swift */,
				77F422E91C67A25300F86A87 /* TournamentEntity+CoreDataProperties.swift */,
				77EDB87F1C6805E800334D7E /* GroupEntity.swift */,
				77EDB87E1C6805E800334D7E /* GroupEntity+CoreDataProperties.swift */,
				777A7B821C6A3A4B006AFE5E /* GroupEntity+SchedulerDelegate.swift */,
				77EDB87A1C6805E800334D7E /* TeamEntity.swift */,
				77EDB8791C6805E800334D7E /* TeamEntity+CoreDataProperties.swift */,
				77EDB87D1C6805E800334D7E /* GameEntity.swift */,
				77EDB87C1C6805E800334D7E /* GameEntity+CoreDataProperties.swift */,
				77F0877D1C69FABA0018561B /* Incident.swift */,
				777A7B7D1C6A2AAF006AFE5E /* Schedule.swift */,
			);
			name = Model;
			sourceTree = "<group>";
		};
		77F48A621C6CDB88002F501A /* TournamentBracketsTests */ = {
			isa = PBXGroup;
			children = (
				77F48A631C6CDB88002F501A /* TournamentBracketsTests.swift */,
				77F48A651C6CDB88002F501A /* Info.plist */,
			);
			path = TournamentBracketsTests;
			sourceTree = "<group>";
		};
/* End PBXGroup section */

/* Begin PBXNativeTarget section */
		77E1F5591C67859200F3C812 /* TournamentBrackets */ = {
			isa = PBXNativeTarget;
			buildConfigurationList = 77E1F56C1C67859200F3C812 /* Build configuration list for PBXNativeTarget "TournamentBrackets" */;
			buildPhases = (
				77E1F5561C67859200F3C812 /* Sources */,
				77E1F5571C67859200F3C812 /* Frameworks */,
				77E1F5581C67859200F3C812 /* Resources */,
				77B11F1A1C6788D50013D281 /* ShellScript */,
			);
			buildRules = (
			);
			dependencies = (
			);
			name = TournamentBrackets;
			productName = TournamentBrackets;
			productReference = 77E1F55A1C67859200F3C812 /* TournamentBrackets.app */;
			productType = "com.apple.product-type.application";
		};
		77F48A601C6CDB88002F501A /* TournamentBracketsTests */ = {
			isa = PBXNativeTarget;
			buildConfigurationList = 77F48A6A1C6CDB88002F501A /* Build configuration list for PBXNativeTarget "TournamentBracketsTests" */;
			buildPhases = (
				77F48A5D1C6CDB88002F501A /* Sources */,
				77F48A5E1C6CDB88002F501A /* Frameworks */,
				77F48A5F1C6CDB88002F501A /* Resources */,
				77F48A801C6CFFFF002F501A /* CopyFiles */,
				77F48A831C6D032D002F501A /* ShellScript */,
			);
			buildRules = (
			);
			dependencies = (
				77F48A671C6CDB88002F501A /* PBXTargetDependency */,
			);
			name = TournamentBracketsTests;
			productName = TournamentBracketsTests;
			productReference = 77F48A611C6CDB88002F501A /* TournamentBracketsTests.xctest */;
			productType = "com.apple.product-type.bundle.unit-test";
		};
/* End PBXNativeTarget section */

/* Begin PBXProject section */
		77E1F5521C67859200F3C812 /* Project object */ = {
			isa = PBXProject;
			attributes = {
				LastSwiftUpdateCheck = 0720;
				LastUpgradeCheck = 0720;
				ORGANIZATIONNAME = "EDGARDO AGNO";
				TargetAttributes = {
					77E1F5591C67859200F3C812 = {
						CreatedOnToolsVersion = 7.2;
					};
					77F48A601C6CDB88002F501A = {
						CreatedOnToolsVersion = 7.2;
						TestTargetID = 77E1F5591C67859200F3C812;
					};
				};
			};
			buildConfigurationList = 77E1F5551C67859200F3C812 /* Build configuration list for PBXProject "TournamentBrackets" */;
			compatibilityVersion = "Xcode 3.2";
			developmentRegion = English;
			hasScannedForEncodings = 0;
			knownRegions = (
				en,
				Base,
			);
			mainGroup = 77E1F5511C67859200F3C812;
			productRefGroup = 77E1F55B1C67859200F3C812 /* Products */;
			projectDirPath = "";
			projectRoot = "";
			targets = (
				77E1F5591C67859200F3C812 /* TournamentBrackets */,
				77F48A601C6CDB88002F501A /* TournamentBracketsTests */,
			);
		};
/* End PBXProject section */

/* Begin PBXResourcesBuildPhase section */
		77E1F5581C67859200F3C812 /* Resources */ = {
			isa = PBXResourcesBuildPhase;
			buildActionMask = 2147483647;
			files = (
				77E1F5681C67859200F3C812 /* LaunchScreen.storyboard in Resources */,
				77E1F5651C67859200F3C812 /* Assets.xcassets in Resources */,
				772985F41C67866800E83582 /* Cartfile in Resources */,
				77E1F5631C67859200F3C812 /* Main.storyboard in Resources */,
			);
			runOnlyForDeploymentPostprocessing = 0;
		};
		77F48A5F1C6CDB88002F501A /* Resources */ = {
			isa = PBXResourcesBuildPhase;
			buildActionMask = 2147483647;
			files = (
			);
			runOnlyForDeploymentPostprocessing = 0;
		};
/* End PBXResourcesBuildPhase section */

/* Begin PBXShellScriptBuildPhase section */
		77B11F1A1C6788D50013D281 /* ShellScript */ = {
			isa = PBXShellScriptBuildPhase;
			buildActionMask = 2147483647;
			files = (
			);
			inputPaths = (
				"$(SRCROOT)/Carthage/Build/iOS/MagicalRecord.framework",
			);
			outputPaths = (
			);
			runOnlyForDeploymentPostprocessing = 0;
			shellPath = /bin/sh;
			shellScript = "/usr/local/bin/carthage copy-frameworks";
		};
		77F48A831C6D032D002F501A /* ShellScript */ = {
			isa = PBXShellScriptBuildPhase;
			buildActionMask = 2147483647;
			files = (
			);
			inputPaths = (
				"$(SRCROOT)//Carthage/Build/iOS/MagicalRecord.framework",
			);
			outputPaths = (
			);
			runOnlyForDeploymentPostprocessing = 0;
			shellPath = /bin/sh;
			shellScript = "/usr/local/bin/carthage copy-frameworks";
		};
/* End PBXShellScriptBuildPhase section */

/* Begin PBXSourcesBuildPhase section */
		77E1F5561C67859200F3C812 /* Sources */ = {
			isa = PBXSourcesBuildPhase;
			buildActionMask = 2147483647;
			files = (
				77F422E81C679FF300F86A87 /* TournamentBrackets.xcdatamodeld in Sources */,
				779148C71C6A84AA0057CC74 /* SingleElimination.swift in Sources */,
				777A7B811C6A344D006AFE5E /* RoundRobinPair.swift in Sources */,
				77EDB8801C6805E800334D7E /* TeamEntity+CoreDataProperties.swift in Sources */,
				7718C9F41C68DEA000CE5F89 /* GeneralExtensions.swift in Sources */,
				77EDB8811C6805E800334D7E /* TeamEntity.swift in Sources */,
				777A7B831C6A3A4B006AFE5E /* GroupEntity+SchedulerDelegate.swift in Sources */,
				77EDB8841C6805E800334D7E /* GameEntity.swift in Sources */,
				77F0877E1C69FABA0018561B /* Incident.swift in Sources */,
				779ADA331C6B7D2800BABA27 /* AppEntity+CoreDataProperties.swift in Sources */,
				77C0C2161C6B6C1700EDA00E /* DataManager.swift in Sources */,
				77F422EB1C67A25300F86A87 /* TournamentEntity+CoreDataProperties.swift in Sources */,
				77E2A5A21C6A675100B86544 /* RoundRobin.swift in Sources */,
				77E1F5601C67859200F3C812 /* ViewController.swift in Sources */,
				77F422EC1C67A25300F86A87 /* TournamentEntity.swift in Sources */,
				77EDB8851C6805E800334D7E /* GroupEntity+CoreDataProperties.swift in Sources */,
				779ADA341C6B7D2800BABA27 /* AppEntity.swift in Sources */,
				77EDB8831C6805E800334D7E /* GameEntity+CoreDataProperties.swift in Sources */,
				77EDB8861C6805E800334D7E /* GroupEntity.swift in Sources */,
				777A7B7E1C6A2AAF006AFE5E /* Schedule.swift in Sources */,
				77E1F55E1C67859200F3C812 /* AppDelegate.swift in Sources */,
			);
			runOnlyForDeploymentPostprocessing = 0;
		};
		77F48A5D1C6CDB88002F501A /* Sources */ = {
			isa = PBXSourcesBuildPhase;
			buildActionMask = 2147483647;
			files = (
				77F48A771C6CE46D002F501A /* GameEntity.swift in Sources */,
				77F48A731C6CE461002F501A /* GroupEntity+CoreDataProperties.swift in Sources */,
				77F48A641C6CDB88002F501A /* TournamentBracketsTests.swift in Sources */,
				77F48A721C6CE45E002F501A /* GroupEntity.swift in Sources */,
				77F48A751C6CE467002F501A /* TeamEntity.swift in Sources */,
				77F48A7B1C6CE495002F501A /* RoundRobin.swift in Sources */,
				77F48A6D1C6CE33B002F501A /* TournamentEntity+CoreDataProperties.swift in Sources */,
				77F48A6C1C6CE2DE002F501A /* DataManager.swift in Sources */,
				77F48A791C6CE47E002F501A /* Incident.swift in Sources */,
				77F48A781C6CE470002F501A /* GameEntity+CoreDataProperties.swift in Sources */,
				77F48A7A1C6CE493002F501A /* RoundRobinPair.swift in Sources */,
				77F48A701C6CE455002F501A /* AppEntity.swift in Sources */,
				77F48A6E1C6CE34B002F501A /* Schedule.swift in Sources */,
				77F48A6F1C6CE359002F501A /* GeneralExtensions.swift in Sources */,
				77F48A711C6CE459002F501A /* AppEntity+CoreDataProperties.swift in Sources */,
				77F48A6B1C6CE25B002F501A /* TournamentEntity.swift in Sources */,
				77F48A761C6CE46A002F501A /* TeamEntity+CoreDataProperties.swift in Sources */,
				77F48A741C6CE464002F501A /* GroupEntity+SchedulerDelegate.swift in Sources */,
				77F48A7C1C6CE498002F501A /* SingleElimination.swift in Sources */,
			);
			runOnlyForDeploymentPostprocessing = 0;
		};
/* End PBXSourcesBuildPhase section */

/* Begin PBXTargetDependency section */
		77F48A671C6CDB88002F501A /* PBXTargetDependency */ = {
			isa = PBXTargetDependency;
			target = 77E1F5591C67859200F3C812 /* TournamentBrackets */;
			targetProxy = 77F48A661C6CDB88002F501A /* PBXContainerItemProxy */;
		};
/* End PBXTargetDependency section */

/* Begin PBXVariantGroup section */
		77E1F5611C67859200F3C812 /* Main.storyboard */ = {
			isa = PBXVariantGroup;
			children = (
				77E1F5621C67859200F3C812 /* Base */,
			);
			name = Main.storyboard;
			sourceTree = "<group>";
		};
		77E1F5661C67859200F3C812 /* LaunchScreen.storyboard */ = {
			isa = PBXVariantGroup;
			children = (
				77E1F5671C67859200F3C812 /* Base */,
			);
			name = LaunchScreen.storyboard;
			sourceTree = "<group>";
		};
/* End PBXVariantGroup section */

/* Begin XCBuildConfiguration section */
		77E1F56A1C67859200F3C812 /* Debug */ = {
			isa = XCBuildConfiguration;
			buildSettings = {
				ALWAYS_SEARCH_USER_PATHS = NO;
				CLANG_CXX_LANGUAGE_STANDARD = "gnu++0x";
				CLANG_CXX_LIBRARY = "libc++";
				CLANG_ENABLE_MODULES = YES;
				CLANG_ENABLE_OBJC_ARC = YES;
				CLANG_WARN_BOOL_CONVERSION = YES;
				CLANG_WARN_CONSTANT_CONVERSION = YES;
				CLANG_WARN_DIRECT_OBJC_ISA_USAGE = YES_ERROR;
				CLANG_WARN_EMPTY_BODY = YES;
				CLANG_WARN_ENUM_CONVERSION = YES;
				CLANG_WARN_INT_CONVERSION = YES;
				CLANG_WARN_OBJC_ROOT_CLASS = YES_ERROR;
				CLANG_WARN_UNREACHABLE_CODE = YES;
				CLANG_WARN__DUPLICATE_METHOD_MATCH = YES;
				"CODE_SIGN_IDENTITY[sdk=iphoneos*]" = "iPhone Developer";
				COPY_PHASE_STRIP = NO;
				DEBUG_INFORMATION_FORMAT = dwarf;
				ENABLE_STRICT_OBJC_MSGSEND = YES;
				ENABLE_TESTABILITY = YES;
				GCC_C_LANGUAGE_STANDARD = gnu99;
				GCC_DYNAMIC_NO_PIC = NO;
				GCC_NO_COMMON_BLOCKS = YES;
				GCC_OPTIMIZATION_LEVEL = 0;
				GCC_PREPROCESSOR_DEFINITIONS = (
					"DEBUG=1",
					"$(inherited)",
				);
				GCC_WARN_64_TO_32_BIT_CONVERSION = YES;
				GCC_WARN_ABOUT_RETURN_TYPE = YES_ERROR;
				GCC_WARN_UNDECLARED_SELECTOR = YES;
				GCC_WARN_UNINITIALIZED_AUTOS = YES_AGGRESSIVE;
				GCC_WARN_UNUSED_FUNCTION = YES;
				GCC_WARN_UNUSED_VARIABLE = YES;
				IPHONEOS_DEPLOYMENT_TARGET = 9.2;
				MTL_ENABLE_DEBUG_INFO = YES;
				ONLY_ACTIVE_ARCH = YES;
				SDKROOT = iphoneos;
				SWIFT_OPTIMIZATION_LEVEL = "-Onone";
			};
			name = Debug;
		};
		77E1F56B1C67859200F3C812 /* Release */ = {
			isa = XCBuildConfiguration;
			buildSettings = {
				ALWAYS_SEARCH_USER_PATHS = NO;
				CLANG_CXX_LANGUAGE_STANDARD = "gnu++0x";
				CLANG_CXX_LIBRARY = "libc++";
				CLANG_ENABLE_MODULES = YES;
				CLANG_ENABLE_OBJC_ARC = YES;
				CLANG_WARN_BOOL_CONVERSION = YES;
				CLANG_WARN_CONSTANT_CONVERSION = YES;
				CLANG_WARN_DIRECT_OBJC_ISA_USAGE = YES_ERROR;
				CLANG_WARN_EMPTY_BODY = YES;
				CLANG_WARN_ENUM_CONVERSION = YES;
				CLANG_WARN_INT_CONVERSION = YES;
				CLANG_WARN_OBJC_ROOT_CLASS = YES_ERROR;
				CLANG_WARN_UNREACHABLE_CODE = YES;
				CLANG_WARN__DUPLICATE_METHOD_MATCH = YES;
				"CODE_SIGN_IDENTITY[sdk=iphoneos*]" = "iPhone Developer";
				COPY_PHASE_STRIP = NO;
				DEBUG_INFORMATION_FORMAT = "dwarf-with-dsym";
				ENABLE_NS_ASSERTIONS = NO;
				ENABLE_STRICT_OBJC_MSGSEND = YES;
				GCC_C_LANGUAGE_STANDARD = gnu99;
				GCC_NO_COMMON_BLOCKS = YES;
				GCC_WARN_64_TO_32_BIT_CONVERSION = YES;
				GCC_WARN_ABOUT_RETURN_TYPE = YES_ERROR;
				GCC_WARN_UNDECLARED_SELECTOR = YES;
				GCC_WARN_UNINITIALIZED_AUTOS = YES_AGGRESSIVE;
				GCC_WARN_UNUSED_FUNCTION = YES;
				GCC_WARN_UNUSED_VARIABLE = YES;
				IPHONEOS_DEPLOYMENT_TARGET = 9.2;
				MTL_ENABLE_DEBUG_INFO = NO;
				SDKROOT = iphoneos;
				VALIDATE_PRODUCT = YES;
			};
			name = Release;
		};
		77E1F56D1C67859200F3C812 /* Debug */ = {
			isa = XCBuildConfiguration;
			buildSettings = {
				ASSETCATALOG_COMPILER_APPICON_NAME = AppIcon;
				CLANG_ENABLE_MODULES = YES;
				FRAMEWORK_SEARCH_PATHS = (
					"$(inherited)",
					"$(PROJECT_DIR)/Carthage/Build/iOS",
				);
				INFOPLIST_FILE = TournamentBrackets/Info.plist;
				LD_RUNPATH_SEARCH_PATHS = "$(inherited) @executable_path/Frameworks";
				PRODUCT_BUNDLE_IDENTIFIER = com.edgardoagno.TournamentBrackets;
				PRODUCT_NAME = "$(TARGET_NAME)";
				SWIFT_OBJC_BRIDGING_HEADER = "TournamentBrackets-Bridging-Header.h";
				SWIFT_OPTIMIZATION_LEVEL = "-Onone";
			};
			name = Debug;
		};
		77E1F56E1C67859200F3C812 /* Release */ = {
			isa = XCBuildConfiguration;
			buildSettings = {
				ASSETCATALOG_COMPILER_APPICON_NAME = AppIcon;
				CLANG_ENABLE_MODULES = YES;
				FRAMEWORK_SEARCH_PATHS = (
					"$(inherited)",
					"$(PROJECT_DIR)/Carthage/Build/iOS",
				);
				INFOPLIST_FILE = TournamentBrackets/Info.plist;
				LD_RUNPATH_SEARCH_PATHS = "$(inherited) @executable_path/Frameworks";
				PRODUCT_BUNDLE_IDENTIFIER = com.edgardoagno.TournamentBrackets;
				PRODUCT_NAME = "$(TARGET_NAME)";
				SWIFT_OBJC_BRIDGING_HEADER = "TournamentBrackets-Bridging-Header.h";
			};
			name = Release;
		};
		77F48A681C6CDB88002F501A /* Debug */ = {
			isa = XCBuildConfiguration;
			buildSettings = {
				BUNDLE_LOADER = "$(TEST_HOST)";
				FRAMEWORK_SEARCH_PATHS = (
					"$(SRCROOT)/Carthage/Build/iOS",
					"$(PROJECT_DIR)/Carthage/Build/iOS",
				);
				INFOPLIST_FILE = TournamentBracketsTests/Info.plist;
				LD_RUNPATH_SEARCH_PATHS = "$(inherited) @executable_path/Frameworks @loader_path/Frameworks";
				PRODUCT_BUNDLE_IDENTIFIER = com.edgardoagno.TournamentBracketsTests;
				PRODUCT_NAME = "$(TARGET_NAME)";
				TEST_HOST = "$(BUILT_PRODUCTS_DIR)/TournamentBrackets.app/TournamentBrackets";
			};
			name = Debug;
		};
		77F48A691C6CDB88002F501A /* Release */ = {
			isa = XCBuildConfiguration;
			buildSettings = {
				BUNDLE_LOADER = "$(TEST_HOST)";
				FRAMEWORK_SEARCH_PATHS = (
					"$(SRCROOT)/Carthage/Build/iOS",
					"$(PROJECT_DIR)/Carthage/Build/iOS",
				);
				INFOPLIST_FILE = TournamentBracketsTests/Info.plist;
				LD_RUNPATH_SEARCH_PATHS = "$(inherited) @executable_path/Frameworks @loader_path/Frameworks";
				PRODUCT_BUNDLE_IDENTIFIER = com.edgardoagno.TournamentBracketsTests;
				PRODUCT_NAME = "$(TARGET_NAME)";
				TEST_HOST = "$(BUILT_PRODUCTS_DIR)/TournamentBrackets.app/TournamentBrackets";
			};
			name = Release;
		};
/* End XCBuildConfiguration section */

/* Begin XCConfigurationList section */
		77E1F5551C67859200F3C812 /* Build configuration list for PBXProject "TournamentBrackets" */ = {
			isa = XCConfigurationList;
			buildConfigurations = (
				77E1F56A1C67859200F3C812 /* Debug */,
				77E1F56B1C67859200F3C812 /* Release */,
			);
			defaultConfigurationIsVisible = 0;
			defaultConfigurationName = Release;
		};
		77E1F56C1C67859200F3C812 /* Build configuration list for PBXNativeTarget "TournamentBrackets" */ = {
			isa = XCConfigurationList;
			buildConfigurations = (
				77E1F56D1C67859200F3C812 /* Debug */,
				77E1F56E1C67859200F3C812 /* Release */,
			);
			defaultConfigurationIsVisible = 0;
			defaultConfigurationName = Release;
		};
		77F48A6A1C6CDB88002F501A /* Build configuration list for PBXNativeTarget "TournamentBracketsTests" */ = {
			isa = XCConfigurationList;
			buildConfigurations = (
				77F48A681C6CDB88002F501A /* Debug */,
				77F48A691C6CDB88002F501A /* Release */,
			);
			defaultConfigurationIsVisible = 0;
		};
/* End XCConfigurationList section */

/* Begin XCVersionGroup section */
		77F422E61C679FF300F86A87 /* TournamentBrackets.xcdatamodeld */ = {
			isa = XCVersionGroup;
			children = (
				77F422E71C679FF300F86A87 /* TournamentBrackets.xcdatamodel */,
			);
			currentVersion = 77F422E71C679FF300F86A87 /* TournamentBrackets.xcdatamodel */;
			path = TournamentBrackets.xcdatamodeld;
			sourceTree = "<group>";
			versionGroupType = wrapper.xcdatamodel;
		};
/* End XCVersionGroup section */
	};
	rootObject = 77E1F5521C67859200F3C812 /* Project object */;
}
