// !$*UTF8*$!
{
	archiveVersion = 1;
	classes = {
	};
	objectVersion = 46;
	objects = {

/* Begin PBXBuildFile section */
		772985F41C67866800E83582 /* Cartfile in Resources */ = {isa = PBXBuildFile; fileRef = 772985F31C67866800E83582 /* Cartfile */; };
		77B11F191C6788720013D281 /* MagicalRecord.framework in Frameworks */ = {isa = PBXBuildFile; fileRef = 77B11F181C6788720013D281 /* MagicalRecord.framework */; };
		77E1F55E1C67859200F3C812 /* AppDelegate.swift in Sources */ = {isa = PBXBuildFile; fileRef = 77E1F55D1C67859200F3C812 /* AppDelegate.swift */; };
		77E1F5601C67859200F3C812 /* ViewController.swift in Sources */ = {isa = PBXBuildFile; fileRef = 77E1F55F1C67859200F3C812 /* ViewController.swift */; };
		77E1F5631C67859200F3C812 /* Main.storyboard in Resources */ = {isa = PBXBuildFile; fileRef = 77E1F5611C67859200F3C812 /* Main.storyboard */; };
		77E1F5651C67859200F3C812 /* Assets.xcassets in Resources */ = {isa = PBXBuildFile; fileRef = 77E1F5641C67859200F3C812 /* Assets.xcassets */; };
		77E1F5681C67859200F3C812 /* LaunchScreen.storyboard in Resources */ = {isa = PBXBuildFile; fileRef = 77E1F5661C67859200F3C812 /* LaunchScreen.storyboard */; };
/* End PBXBuildFile section */

/* Begin PBXFileReference section */
		772985F31C67866800E83582 /* Cartfile */ = {isa = PBXFileReference; fileEncoding = 4; lastKnownFileType = text; path = Cartfile; sourceTree = "<group>"; };
		77B11F181C6788720013D281 /* MagicalRecord.framework */ = {isa = PBXFileReference; lastKnownFileType = wrapper.framework; name = MagicalRecord.framework; path = Carthage/Build/iOS/MagicalRecord.framework; sourceTree = "<group>"; };
		77E1F55A1C67859200F3C812 /* TournamentBrackets.app */ = {isa = PBXFileReference; explicitFileType = wrapper.application; includeInIndex = 0; path = TournamentBrackets.app; sourceTree = BUILT_PRODUCTS_DIR; };
		77E1F55D1C67859200F3C812 /* AppDelegate.swift */ = {isa = PBXFileReference; lastKnownFileType = sourcecode.swift; path = AppDelegate.swift; sourceTree = "<group>"; };
		77E1F55F1C67859200F3C812 /* ViewController.swift */ = {isa = PBXFileReference; lastKnownFileType = sourcecode.swift; path = ViewController.swift; sourceTree = "<group>"; };
		77E1F5621C67859200F3C812 /* Base */ = {isa = PBXFileReference; lastKnownFileType = file.storyboard; name = Base; path = Base.lproj/Main.storyboard; sourceTree = "<group>"; };
		77E1F5641C67859200F3C812 /* Assets.xcassets */ = {isa = PBXFileReference; lastKnownFileType = folder.assetcatalog; path = Assets.xcassets; sourceTree = "<group>"; };
		77E1F5671C67859200F3C812 /* Base */ = {isa = PBXFileReference; lastKnownFileType = file.storyboard; name = Base; path = Base.lproj/LaunchScreen.storyboard; sourceTree = "<group>"; };
		77E1F5691C67859200F3C812 /* Info.plist */ = {isa = PBXFileReference; lastKnownFileType = text.plist.xml; path = Info.plist; sourceTree = "<group>"; };
/* End PBXFileReference section */

/* Begin PBXFrameworksBuildPhase section */
		77E1F5571C67859200F3C812 /* Frameworks */ = {
			isa = PBXFrameworksBuildPhase;
			buildActionMask = 2147483647;
			files = (
				77B11F191C6788720013D281 /* MagicalRecord.framework in Frameworks */,
			);
			runOnlyForDeploymentPostprocessing = 0;
		};
/* End PBXFrameworksBuildPhase section */

/* Begin PBXGroup section */
		77B11F1B1C678CE70013D281 /* Frameworks */ = {
			isa = PBXGroup;
			children = (
				772985F31C67866800E83582 /* Cartfile */,
				77B11F181C6788720013D281 /* MagicalRecord.framework */,
			);
			name = Frameworks;
			sourceTree = "<group>";
		};
		77E1F5511C67859200F3C812 = {
			isa = PBXGroup;
			children = (
				77B11F1B1C678CE70013D281 /* Frameworks */,
				77E1F55C1C67859200F3C812 /* TournamentBrackets */,
				77E1F55B1C67859200F3C812 /* Products */,
			);
			sourceTree = "<group>";
		};
		77E1F55B1C67859200F3C812 /* Products */ = {
			isa = PBXGroup;
			children = (
				77E1F55A1C67859200F3C812 /* TournamentBrackets.app */,
			);
			name = Products;
			sourceTree = "<group>";
		};
		77E1F55C1C67859200F3C812 /* TournamentBrackets */ = {
			isa = PBXGroup;
			children = (
				77E1F55D1C67859200F3C812 /* AppDelegate.swift */,
				77E1F55F1C67859200F3C812 /* ViewController.swift */,
				77E1F5611C67859200F3C812 /* Main.storyboard */,
				77E1F5641C67859200F3C812 /* Assets.xcassets */,
				77E1F5661C67859200F3C812 /* LaunchScreen.storyboard */,
				77E1F5691C67859200F3C812 /* Info.plist */,
			);
			path = TournamentBrackets;
			sourceTree = "<group>";
		};
/* End PBXGroup section */

/* Begin PBXNativeTarget section */
		77E1F5591C67859200F3C812 /* TournamentBrackets */ = {
			isa = PBXNativeTarget;
			buildConfigurationList = 77E1F56C1C67859200F3C812 /* Build configuration list for PBXNativeTarget "TournamentBrackets" */;
			buildPhases = (
				77E1F5561C67859200F3C812 /* Sources */,
				77E1F5571C67859200F3C812 /* Frameworks */,
				77E1F5581C67859200F3C812 /* Resources */,
				77B11F1A1C6788D50013D281 /* ShellScript */,
			);
			buildRules = (
			);
			dependencies = (
			);
			name = TournamentBrackets;
			productName = TournamentBrackets;
			productReference = 77E1F55A1C67859200F3C812 /* TournamentBrackets.app */;
			productType = "com.apple.product-type.application";
		};
/* End PBXNativeTarget section */

/* Begin PBXProject section */
		77E1F5521C67859200F3C812 /* Project object */ = {
			isa = PBXProject;
			attributes = {
				LastSwiftUpdateCheck = 0720;
				LastUpgradeCheck = 0720;
				ORGANIZATIONNAME = "EDGARDO AGNO";
				TargetAttributes = {
					77E1F5591C67859200F3C812 = {
						CreatedOnToolsVersion = 7.2;
					};
				};
			};
			buildConfigurationList = 77E1F5551C67859200F3C812 /* Build configuration list for PBXProject "TournamentBrackets" */;
			compatibilityVersion = "Xcode 3.2";
			developmentRegion = English;
			hasScannedForEncodings = 0;
			knownRegions = (
				en,
				Base,
			);
			mainGroup = 77E1F5511C67859200F3C812;
			productRefGroup = 77E1F55B1C67859200F3C812 /* Products */;
			projectDirPath = "";
			projectRoot = "";
			targets = (
				77E1F5591C67859200F3C812 /* TournamentBrackets */,
			);
		};
/* End PBXProject section */

/* Begin PBXResourcesBuildPhase section */
		77E1F5581C67859200F3C812 /* Resources */ = {
			isa = PBXResourcesBuildPhase;
			buildActionMask = 2147483647;
			files = (
				77E1F5681C67859200F3C812 /* LaunchScreen.storyboard in Resources */,
				77E1F5651C67859200F3C812 /* Assets.xcassets in Resources */,
				772985F41C67866800E83582 /* Cartfile in Resources */,
				77E1F5631C67859200F3C812 /* Main.storyboard in Resources */,
			);
			runOnlyForDeploymentPostprocessing = 0;
		};
/* End PBXResourcesBuildPhase section */

/* Begin PBXShellScriptBuildPhase section */
		77B11F1A1C6788D50013D281 /* ShellScript */ = {
			isa = PBXShellScriptBuildPhase;
			buildActionMask = 2147483647;
			files = (
			);
			inputPaths = (
				"$(SRCROOT)/Carthage/Build/iOS/MagicalRecord.framework",
			);
			outputPaths = (
			);
			runOnlyForDeploymentPostprocessing = 0;
			shellPath = /bin/sh;
			shellScript = "/usr/local/bin/carthage copy-frameworks";
		};
/* End PBXShellScriptBuildPhase section */

/* Begin PBXSourcesBuildPhase section */
		77E1F5561C67859200F3C812 /* Sources */ = {
			isa = PBXSourcesBuildPhase;
			buildActionMask = 2147483647;
			files = (
				77E1F5601C67859200F3C812 /* ViewController.swift in Sources */,
				77E1F55E1C67859200F3C812 /* AppDelegate.swift in Sources */,
			);
			runOnlyForDeploymentPostprocessing = 0;
		};
/* End PBXSourcesBuildPhase section */

/* Begin PBXVariantGroup section */
		77E1F5611C67859200F3C812 /* Main.storyboard */ = {
			isa = PBXVariantGroup;
			children = (
				77E1F5621C67859200F3C812 /* Base */,
			);
			name = Main.storyboard;
			sourceTree = "<group>";
		};
		77E1F5661C67859200F3C812 /* LaunchScreen.storyboard */ = {
			isa = PBXVariantGroup;
			children = (
				77E1F5671C67859200F3C812 /* Base */,
			);
			name = LaunchScreen.storyboard;
			sourceTree = "<group>";
		};
/* End PBXVariantGroup section */

/* Begin XCBuildConfiguration section */
		77E1F56A1C67859200F3C812 /* Debug */ = {
			isa = XCBuildConfiguration;
			buildSettings = {
				ALWAYS_SEARCH_USER_PATHS = NO;
				CLANG_CXX_LANGUAGE_STANDARD = "gnu++0x";
				CLANG_CXX_LIBRARY = "libc++";
				CLANG_ENABLE_MODULES = YES;
				CLANG_ENABLE_OBJC_ARC = YES;
				CLANG_WARN_BOOL_CONVERSION = YES;
				CLANG_WARN_CONSTANT_CONVERSION = YES;
				CLANG_WARN_DIRECT_OBJC_ISA_USAGE = YES_ERROR;
				CLANG_WARN_EMPTY_BODY = YES;
				CLANG_WARN_ENUM_CONVERSION = YES;
				CLANG_WARN_INT_CONVERSION = YES;
				CLANG_WARN_OBJC_ROOT_CLASS = YES_ERROR;
				CLANG_WARN_UNREACHABLE_CODE = YES;
				CLANG_WARN__DUPLICATE_METHOD_MATCH = YES;
				"CODE_SIGN_IDENTITY[sdk=iphoneos*]" = "iPhone Developer";
				COPY_PHASE_STRIP = NO;
				DEBUG_INFORMATION_FORMAT = dwarf;
				ENABLE_STRICT_OBJC_MSGSEND = YES;
				ENABLE_TESTABILITY = YES;
				GCC_C_LANGUAGE_STANDARD = gnu99;
				GCC_DYNAMIC_NO_PIC = NO;
				GCC_NO_COMMON_BLOCKS = YES;
				GCC_OPTIMIZATION_LEVEL = 0;
				GCC_PREPROCESSOR_DEFINITIONS = (
					"DEBUG=1",
					"$(inherited)",
				);
				GCC_WARN_64_TO_32_BIT_CONVERSION = YES;
				GCC_WARN_ABOUT_RETURN_TYPE = YES_ERROR;
				GCC_WARN_UNDECLARED_SELECTOR = YES;
				GCC_WARN_UNINITIALIZED_AUTOS = YES_AGGRESSIVE;
				GCC_WARN_UNUSED_FUNCTION = YES;
				GCC_WARN_UNUSED_VARIABLE = YES;
				IPHONEOS_DEPLOYMENT_TARGET = 9.2;
				MTL_ENABLE_DEBUG_INFO = YES;
				ONLY_ACTIVE_ARCH = YES;
				SDKROOT = iphoneos;
				SWIFT_OPTIMIZATION_LEVEL = "-Onone";
			};
			name = Debug;
		};
		77E1F56B1C67859200F3C812 /* Release */ = {
			isa = XCBuildConfiguration;
			buildSettings = {
				ALWAYS_SEARCH_USER_PATHS = NO;
				CLANG_CXX_LANGUAGE_STANDARD = "gnu++0x";
				CLANG_CXX_LIBRARY = "libc++";
				CLANG_ENABLE_MODULES = YES;
				CLANG_ENABLE_OBJC_ARC = YES;
				CLANG_WARN_BOOL_CONVERSION = YES;
				CLANG_WARN_CONSTANT_CONVERSION = YES;
				CLANG_WARN_DIRECT_OBJC_ISA_USAGE = YES_ERROR;
				CLANG_WARN_EMPTY_BODY = YES;
				CLANG_WARN_ENUM_CONVERSION = YES;
				CLANG_WARN_INT_CONVERSION = YES;
				CLANG_WARN_OBJC_ROOT_CLASS = YES_ERROR;
				CLANG_WARN_UNREACHABLE_CODE = YES;
				CLANG_WARN__DUPLICATE_METHOD_MATCH = YES;
				"CODE_SIGN_IDENTITY[sdk=iphoneos*]" = "iPhone Developer";
				COPY_PHASE_STRIP = NO;
				DEBUG_INFORMATION_FORMAT = "dwarf-with-dsym";
				ENABLE_NS_ASSERTIONS = NO;
				ENABLE_STRICT_OBJC_MSGSEND = YES;
				GCC_C_LANGUAGE_STANDARD = gnu99;
				GCC_NO_COMMON_BLOCKS = YES;
				GCC_WARN_64_TO_32_BIT_CONVERSION = YES;
				GCC_WARN_ABOUT_RETURN_TYPE = YES_ERROR;
				GCC_WARN_UNDECLARED_SELECTOR = YES;
				GCC_WARN_UNINITIALIZED_AUTOS = YES_AGGRESSIVE;
				GCC_WARN_UNUSED_FUNCTION = YES;
				GCC_WARN_UNUSED_VARIABLE = YES;
				IPHONEOS_DEPLOYMENT_TARGET = 9.2;
				MTL_ENABLE_DEBUG_INFO = NO;
				SDKROOT = iphoneos;
				VALIDATE_PRODUCT = YES;
			};
			name = Release;
		};
		77E1F56D1C67859200F3C812 /* Debug */ = {
			isa = XCBuildConfiguration;
			buildSettings = {
				ASSETCATALOG_COMPILER_APPICON_NAME = AppIcon;
				FRAMEWORK_SEARCH_PATHS = (
					"$(inherited)",
					"$(PROJECT_DIR)/Carthage/Build/iOS",
				);
				INFOPLIST_FILE = TournamentBrackets/Info.plist;
				LD_RUNPATH_SEARCH_PATHS = "$(inherited) @executable_path/Frameworks";
				PRODUCT_BUNDLE_IDENTIFIER = com.edgardoagno.TournamentBrackets;
				PRODUCT_NAME = "$(TARGET_NAME)";
			};
			name = Debug;
		};
		77E1F56E1C67859200F3C812 /* Release */ = {
			isa = XCBuildConfiguration;
			buildSettings = {
				ASSETCATALOG_COMPILER_APPICON_NAME = AppIcon;
				FRAMEWORK_SEARCH_PATHS = (
					"$(inherited)",
					"$(PROJECT_DIR)/Carthage/Build/iOS",
				);
				INFOPLIST_FILE = TournamentBrackets/Info.plist;
				LD_RUNPATH_SEARCH_PATHS = "$(inherited) @executable_path/Frameworks";
				PRODUCT_BUNDLE_IDENTIFIER = com.edgardoagno.TournamentBrackets;
				PRODUCT_NAME = "$(TARGET_NAME)";
			};
			name = Release;
		};
/* End XCBuildConfiguration section */

/* Begin XCConfigurationList section */
		77E1F5551C67859200F3C812 /* Build configuration list for PBXProject "TournamentBrackets" */ = {
			isa = XCConfigurationList;
			buildConfigurations = (
				77E1F56A1C67859200F3C812 /* Debug */,
				77E1F56B1C67859200F3C812 /* Release */,
			);
			defaultConfigurationIsVisible = 0;
			defaultConfigurationName = Release;
		};
		77E1F56C1C67859200F3C812 /* Build configuration list for PBXNativeTarget "TournamentBrackets" */ = {
			isa = XCConfigurationList;
			buildConfigurations = (
				77E1F56D1C67859200F3C812 /* Debug */,
				77E1F56E1C67859200F3C812 /* Release */,
			);
			defaultConfigurationIsVisible = 0;
			defaultConfigurationName = Release;
		};
/* End XCConfigurationList section */
	};
	rootObject = 77E1F5521C67859200F3C812 /* Project object */;
}
